{
  "name": "33_Ordinal_Numbers",
  "lockfileVersion": 3,
  "requires": true,
  "packages": {
    "": {
      "dependencies": {
        "types": "file:../../../../../../../node-D"
      }
    },
    "../../../../../../../node-D": {},
    "node_modules/types": {
      "resolved": "../../../../../../../node-D",
      "link": true
    }
  }
}
