{
  "name": "39_city_names",
  "version": "1.0.0",
  "lockfileVersion": 3,
  "requires": true,
  "packages": {
    "": {
      "name": "39_city_names",
      "version": "1.0.0",
      "license": "ISC",
      "dependencies": {
        "types": "file:../../../../../../../node-D"
      }
    },
    "../../../../../../../node-D": {},
    "node_modules/types": {
      "resolved": "../../../../../../../node-D",
      "link": true
    }
  }
}
