{
  "name": "32_checking_usernames",
  "version": "1.0.0",
  "lockfileVersion": 3,
  "requires": true,
  "packages": {
    "": {
      "name": "32_checking_usernames",
      "version": "1.0.0",
      "license": "ISC",
      "devDependencies": {
        "types": "file:../../../../../../../node"
      }
    },
    "../../../../../../../node": {
      "dev": true
    },
    "node_modules/types": {
      "resolved": "../../../../../../../node",
      "link": true
    }
  }
}
