{
  "name": "28.-stages_of_life",
  "version": "1.0.0",
  "lockfileVersion": 3,
  "requires": true,
  "packages": {
    "": {
      "name": "28.-stages_of_life",
      "version": "1.0.0",
      "license": "ISC",
      "dependencies": {
        "types": "file:../../../../../../../node"
      }
    },
    "../../../../../../../node": {},
    "node_modules/types": {
      "resolved": "../../../../../../../node",
      "link": true
    }
  }
}
